
Microsoft Visual Studio Solution File, Format Version 12.00
# Visual Studio Version 17
VisualStudioVersion = 17.0.32014.148
MinimumVisualStudioVersion = 10.0.40219.1
Project("{FAE04EC0-301F-11D3-BF4B-00C04F79EFBC}") = "AfterProjectPresentation", "AfterProjectPresentation\AfterProjectPresentation.csproj", "{2A8BABC7-896A-4D95-8D4B-15F94734262D}"
EndProject
Global
	GlobalSection(SolutionConfigurationPlatforms) = preSolution
		Debug|Any CPU = Debug|Any CPU
		Release|Any CPU = Release|Any CPU
	EndGlobalSection
	GlobalSection(ProjectConfigurationPlatforms) = postSolution
		{2A8BABC7-896A-4D95-8D4B-15F94734262D}.Debug|Any CPU.ActiveCfg = Debug|Any CPU
		{2A8BABC7-896A-4D95-8D4B-15F94734262D}.Debug|Any CPU.Build.0 = Debug|Any CPU
		{2A8BABC7-896A-4D95-8D4B-15F94734262D}.Release|Any CPU.ActiveCfg = Release|Any CPU
		{2A8BABC7-896A-4D95-8D4B-15F94734262D}.Release|Any CPU.Build.0 = Release|Any CPU
	EndGlobalSection
	GlobalSection(SolutionProperties) = preSolution
		HideSolutionNode = FALSE
	EndGlobalSection
	GlobalSection(ExtensibilityGlobals) = postSolution
		SolutionGuid = {CD88FDF0-AE49-4003-8257-E2C0D871F039}
	EndGlobalSection
EndGlobal
