
Microsoft Visual Studio Solution File, Format Version 12.00
# Visual Studio Version 17
VisualStudioVersion = 17.0.32014.148
MinimumVisualStudioVersion = 10.0.40219.1
Project("{FAE04EC0-301F-11D3-BF4B-00C04F79EFBC}") = "MyCSharp_02", "MyCSharp_02\MyCSharp_02.csproj", "{A3A244A3-C9C8-4D23-B16D-FCA46C0291F4}"
EndProject
Project("{FAE04EC0-301F-11D3-BF4B-00C04F79EFBC}") = "MyCSharp_02_02", "MyCSharp_02_02\MyCSharp_02_02.csproj", "{ACFE8523-B812-4E06-9E52-7D303671C8B1}"
EndProject
Project("{FAE04EC0-301F-11D3-BF4B-00C04F79EFBC}") = "test", "test\test.csproj", "{A4073E2C-3215-49EC-AF4D-8EA390D5DA7C}"
EndProject
Global
	GlobalSection(SolutionConfigurationPlatforms) = preSolution
		Debug|Any CPU = Debug|Any CPU
		Release|Any CPU = Release|Any CPU
	EndGlobalSection
	GlobalSection(ProjectConfigurationPlatforms) = postSolution
		{A3A244A3-C9C8-4D23-B16D-FCA46C0291F4}.Debug|Any CPU.ActiveCfg = Debug|Any CPU
		{A3A244A3-C9C8-4D23-B16D-FCA46C0291F4}.Debug|Any CPU.Build.0 = Debug|Any CPU
		{A3A244A3-C9C8-4D23-B16D-FCA46C0291F4}.Release|Any CPU.ActiveCfg = Release|Any CPU
		{A3A244A3-C9C8-4D23-B16D-FCA46C0291F4}.Release|Any CPU.Build.0 = Release|Any CPU
		{ACFE8523-B812-4E06-9E52-7D303671C8B1}.Debug|Any CPU.ActiveCfg = Debug|Any CPU
		{ACFE8523-B812-4E06-9E52-7D303671C8B1}.Debug|Any CPU.Build.0 = Debug|Any CPU
		{ACFE8523-B812-4E06-9E52-7D303671C8B1}.Release|Any CPU.ActiveCfg = Release|Any CPU
		{ACFE8523-B812-4E06-9E52-7D303671C8B1}.Release|Any CPU.Build.0 = Release|Any CPU
		{A4073E2C-3215-49EC-AF4D-8EA390D5DA7C}.Debug|Any CPU.ActiveCfg = Debug|Any CPU
		{A4073E2C-3215-49EC-AF4D-8EA390D5DA7C}.Debug|Any CPU.Build.0 = Debug|Any CPU
		{A4073E2C-3215-49EC-AF4D-8EA390D5DA7C}.Release|Any CPU.ActiveCfg = Release|Any CPU
		{A4073E2C-3215-49EC-AF4D-8EA390D5DA7C}.Release|Any CPU.Build.0 = Release|Any CPU
	EndGlobalSection
	GlobalSection(SolutionProperties) = preSolution
		HideSolutionNode = FALSE
	EndGlobalSection
	GlobalSection(ExtensibilityGlobals) = postSolution
		SolutionGuid = {A57A3090-BFD4-472F-B8AF-61D6E998FD6A}
	EndGlobalSection
EndGlobal
